# This file is autogenerated, do not edit; changes may be undone by the next 'dep ensure'.


[[projects]]
  branch = "master"
  digest = "1:ee7fe6a68ba9f21bc748293d4e1e66ad327f64a89b0f5ba2d021430babd4b8c9"
  name = "github.com/dustin/go-humanize"
  packages = ["."]
  pruneopts = "UT"
  revision = "bb3d318650d48840a39aa21a027c6630e198e626"

[[projects]]
  branch = "master"
  digest = "1:0778dc7fce1b4669a8bfa7ae506ec1f595b6ab0f8989c1c0d22a8ca1144e9972"
  name = "github.com/howeyc/gopass"
  packages = ["."]
  pruneopts = "UT"
  revision = "bf9dde6d0d2c004a008c27aaee91170c786f6db8"

[[projects]]
  branch = "master"
  digest = "1:bd26bbaf1e9f9dfe829a88f87a0849b56f717c31785443a67668f2c752fa8412"
  name = "github.com/lib/pq"
  packages = [
    ".",
    "oid",
  ]
  pruneopts = "UT"
  revision = "88edab0803230a3898347e77b474f8c1820a1f20"

[[projects]]
  branch = "master"
  digest = "1:b5fb39406457e4a78f9b50e24e0f149145789ac7805ad88109c4640bd7b2e541"
  name = "github.com/pborman/getopt"
  packages = ["."]
  pruneopts = "UT"
  revision = "7148bc3a4c3008adfcab60cbebfd0576018f330b"

[[projects]]
  branch = "master"
  digest = "1:d00c022985f11ec857ec8119f6a17a6a4c315868ab56fa57144252ec43c7223a"
  name = "github.com/rapidloop/pq"
  packages = ["."]
  pruneopts = "UT"
  revision = "f379fd34d14f11337c3945aa665f7718c0213317"

[[projects]]
  digest = "1:577b99fc55ee19cbf1ffd072808c91ced78cd732bd9d0517bec9b90e532069cb"
  name = "github.com/xdg-go/stringprep"
  packages = ["."]
  pruneopts = "UT"
  revision = "bd625b8dc1e3b0f57412280ccbcc317f0c69d8db"
  version = "v1.0.0"

[[projects]]
  branch = "master"
  digest = "1:7eb36c25be2c753fc9cc32929ce16355984cf78bec65069e6b46f11108cd2467"
  name = "golang.org/x/crypto"
  packages = [
    "pbkdf2",
    "ssh/terminal",
  ]
  pruneopts = "UT"
  revision = "432090b8f568c018896cd8a0fb0345872bbac6ce"

[[projects]]
  branch = "master"
  digest = "1:c13f38cb4c5758bbc084ff39e191a1fe2ca2d8ee645500a179e89bd83494f2e1"
  name = "golang.org/x/sys"
  packages = [
    "unix",
    "windows",
  ]
  pruneopts = "UT"
  revision = "37707fdb30a5b38865cfb95e5aab41707daec7fd"

[[projects]]
  digest = "1:8029e9743749d4be5bc9f7d42ea1659471767860f0cdc34d37c3111bd308a295"
  name = "golang.org/x/text"
  packages = [
    "internal/gen",
    "internal/triegen",
    "internal/ucd",
    "transform",
    "unicode/cldr",
    "unicode/norm",
  ]
  pruneopts = "UT"
  revision = "f21a4dfb5e38f5895301dc265a8def02365cc3d0"
  version = "v0.3.0"

[solve-meta]
  analyzer-name = "dep"
  analyzer-version = 1
  input-imports = [
    "github.com/dustin/go-humanize",
    "github.com/howeyc/gopass",
    "github.com/pborman/getopt",
    "github.com/rapidloop/pq",
    "golang.org/x/crypto/ssh/terminal",
  ]
  solver-name = "gps-cdcl"
  solver-version = 1
